
Microsoft Visual Studio Solution File, Format Version 12.00
# Visual Studio Version 17
VisualStudioVersion = 17.8.34511.84
MinimumVisualStudioVersion = 10.0.40219.1
Project("{FAE04EC0-301F-11D3-BF4B-00C04F79EFBC}") = "HttpServer-Trabajo4", "HttpServer-Trabajo4.csproj", "{62A9C8AB-0E9C-49F5-B79A-FB2FD6FC0EC2}"
EndProject
Global
	GlobalSection(SolutionConfigurationPlatforms) = preSolution
		Debug|Any CPU = Debug|Any CPU
		Release|Any CPU = Release|Any CPU
	EndGlobalSection
	GlobalSection(ProjectConfigurationPlatforms) = postSolution
		{62A9C8AB-0E9C-49F5-B79A-FB2FD6FC0EC2}.Debug|Any CPU.ActiveCfg = Debug|Any CPU
		{62A9C8AB-0E9C-49F5-B79A-FB2FD6FC0EC2}.Debug|Any CPU.Build.0 = Debug|Any CPU
		{62A9C8AB-0E9C-49F5-B79A-FB2FD6FC0EC2}.Release|Any CPU.ActiveCfg = Release|Any CPU
		{62A9C8AB-0E9C-49F5-B79A-FB2FD6FC0EC2}.Release|Any CPU.Build.0 = Release|Any CPU
	EndGlobalSection
	GlobalSection(SolutionProperties) = preSolution
		HideSolutionNode = FALSE
	EndGlobalSection
	GlobalSection(ExtensibilityGlobals) = postSolution
		SolutionGuid = {2133A865-5C3D-453A-A865-5817C1F29082}
	EndGlobalSection
EndGlobal
